// !$*UTF8*$!
{
	archiveVersion = 1;
	classes = {
	};
	objectVersion = 50;
	objects = {

/* Begin PBXBuildFile section */
		118FB5EB47450B50877034F1 /* Pods_Development.framework in Frameworks */ = {isa = PBXBuildFile; fileRef = F7FDD30E0DDE9503490F5243 /* Pods_Development.framework */; };
		BC35715A21764A9000559F29 /* AppDelegate.swift in Sources */ = {isa = PBXBuildFile; fileRef = BC35715921764A9000559F29 /* AppDelegate.swift */; };
		BC35716121764A9100559F29 /* Assets.xcassets in Resources */ = {isa = PBXBuildFile; fileRef = BC35716021764A9100559F29 /* Assets.xcassets */; };
		BC35716421764A9100559F29 /* LaunchScreen.storyboard in Resources */ = {isa = PBXBuildFile; fileRef = BC35716221764A9100559F29 /* LaunchScreen.storyboard */; };
		BC35717A2176509100559F29 /* TestsProvider.swift in Sources */ = {isa = PBXBuildFile; fileRef = BC3571792176509100559F29 /* TestsProvider.swift */; };
		BC35717C2176523900559F29 /* SuccessHandler.swift in Sources */ = {isa = PBXBuildFile; fileRef = BC35717B2176523900559F29 /* SuccessHandler.swift */; };
		BC35717F2176562300559F29 /* FailureHandler.swift in Sources */ = {isa = PBXBuildFile; fileRef = BC35717E2176562300559F29 /* FailureHandler.swift */; };
		BC3571812176584000559F29 /* EmptyHandler.swift in Sources */ = {isa = PBXBuildFile; fileRef = BC3571802176584000559F29 /* EmptyHandler.swift */; };
		BC3571832176596800559F29 /* ProgressHandler.swift in Sources */ = {isa = PBXBuildFile; fileRef = BC3571822176596800559F29 /* ProgressHandler.swift */; };
		BC35718721765CBE00559F29 /* ShouldStartHandler.swift in Sources */ = {isa = PBXBuildFile; fileRef = BC35718621765CBE00559F29 /* ShouldStartHandler.swift */; };
		BC35718921765D6500559F29 /* WillStartHandler.swift in Sources */ = {isa = PBXBuildFile; fileRef = BC35718821765D6500559F29 /* WillStartHandler.swift */; };
		BC35718B21765E0100559F29 /* PrepareSuccessHandler.swift in Sources */ = {isa = PBXBuildFile; fileRef = BC35718A21765E0100559F29 /* PrepareSuccessHandler.swift */; };
		D17865AE99FFD5F306E8BB71 /* Pods_Tests.framework in Frameworks */ = {isa = PBXBuildFile; fileRef = 72A5FDAAC3BD0CF0622F168F /* Pods_Tests.framework */; };
/* End PBXBuildFile section */

/* Begin PBXContainerItemProxy section */
		BC35717421764EFA00559F29 /* PBXContainerItemProxy */ = {
			isa = PBXContainerItemProxy;
			containerPortal = BC35714E21764A9000559F29 /* Project object */;
			proxyType = 1;
			remoteGlobalIDString = BC35715521764A9000559F29;
			remoteInfo = Development;
		};
/* End PBXContainerItemProxy section */

/* Begin PBXFileReference section */
		1DBAE3A44255DA0B32E20BB3 /* Pods-Tests.release.xcconfig */ = {isa = PBXFileReference; includeInIndex = 1; lastKnownFileType = text.xcconfig; name = "Pods-Tests.release.xcconfig"; path = "Pods/Target Support Files/Pods-Tests/Pods-Tests.release.xcconfig"; sourceTree = "<group>"; };
		32B5A38E4F637E84D8F42370 /* Pods-Tests.debug.xcconfig */ = {isa = PBXFileReference; includeInIndex = 1; lastKnownFileType = text.xcconfig; name = "Pods-Tests.debug.xcconfig"; path = "Pods/Target Support Files/Pods-Tests/Pods-Tests.debug.xcconfig"; sourceTree = "<group>"; };
		72A5FDAAC3BD0CF0622F168F /* Pods_Tests.framework */ = {isa = PBXFileReference; explicitFileType = wrapper.framework; includeInIndex = 0; path = Pods_Tests.framework; sourceTree = BUILT_PRODUCTS_DIR; };
		BC35715621764A9000559F29 /* Development.app */ = {isa = PBXFileReference; explicitFileType = wrapper.application; includeInIndex = 0; path = Development.app; sourceTree = BUILT_PRODUCTS_DIR; };
		BC35715921764A9000559F29 /* AppDelegate.swift */ = {isa = PBXFileReference; lastKnownFileType = sourcecode.swift; path = AppDelegate.swift; sourceTree = "<group>"; };
		BC35716021764A9100559F29 /* Assets.xcassets */ = {isa = PBXFileReference; lastKnownFileType = folder.assetcatalog; path = Assets.xcassets; sourceTree = "<group>"; };
		BC35716321764A9100559F29 /* Base */ = {isa = PBXFileReference; lastKnownFileType = file.storyboard; name = Base; path = Base.lproj/LaunchScreen.storyboard; sourceTree = "<group>"; };
		BC35716521764A9100559F29 /* Info.plist */ = {isa = PBXFileReference; lastKnownFileType = text.plist.xml; path = Info.plist; sourceTree = "<group>"; };
		BC35716F21764EFA00559F29 /* Tests.xctest */ = {isa = PBXFileReference; explicitFileType = wrapper.cfbundle; includeInIndex = 0; path = Tests.xctest; sourceTree = BUILT_PRODUCTS_DIR; };
		BC35717321764EFA00559F29 /* Info.plist */ = {isa = PBXFileReference; lastKnownFileType = text.plist.xml; path = Info.plist; sourceTree = "<group>"; };
		BC3571792176509100559F29 /* TestsProvider.swift */ = {isa = PBXFileReference; lastKnownFileType = sourcecode.swift; path = TestsProvider.swift; sourceTree = "<group>"; };
		BC35717B2176523900559F29 /* SuccessHandler.swift */ = {isa = PBXFileReference; lastKnownFileType = sourcecode.swift; path = SuccessHandler.swift; sourceTree = "<group>"; };
		BC35717E2176562300559F29 /* FailureHandler.swift */ = {isa = PBXFileReference; lastKnownFileType = sourcecode.swift; path = FailureHandler.swift; sourceTree = "<group>"; };
		BC3571802176584000559F29 /* EmptyHandler.swift */ = {isa = PBXFileReference; lastKnownFileType = sourcecode.swift; path = EmptyHandler.swift; sourceTree = "<group>"; };
		BC3571822176596800559F29 /* ProgressHandler.swift */ = {isa = PBXFileReference; lastKnownFileType = sourcecode.swift; path = ProgressHandler.swift; sourceTree = "<group>"; };
		BC35718621765CBE00559F29 /* ShouldStartHandler.swift */ = {isa = PBXFileReference; lastKnownFileType = sourcecode.swift; path = ShouldStartHandler.swift; sourceTree = "<group>"; };
		BC35718821765D6500559F29 /* WillStartHandler.swift */ = {isa = PBXFileReference; lastKnownFileType = sourcecode.swift; path = WillStartHandler.swift; sourceTree = "<group>"; };
		BC35718A21765E0100559F29 /* PrepareSuccessHandler.swift */ = {isa = PBXFileReference; lastKnownFileType = sourcecode.swift; path = PrepareSuccessHandler.swift; sourceTree = "<group>"; };
		C10F8CA85E071CA9A93974FB /* Pods-Development.release.xcconfig */ = {isa = PBXFileReference; includeInIndex = 1; lastKnownFileType = text.xcconfig; name = "Pods-Development.release.xcconfig"; path = "Pods/Target Support Files/Pods-Development/Pods-Development.release.xcconfig"; sourceTree = "<group>"; };
		DEC228AFC205D06598A7C5A8 /* Pods-Development.debug.xcconfig */ = {isa = PBXFileReference; includeInIndex = 1; lastKnownFileType = text.xcconfig; name = "Pods-Development.debug.xcconfig"; path = "Pods/Target Support Files/Pods-Development/Pods-Development.debug.xcconfig"; sourceTree = "<group>"; };
		F7FDD30E0DDE9503490F5243 /* Pods_Development.framework */ = {isa = PBXFileReference; explicitFileType = wrapper.framework; includeInIndex = 0; path = Pods_Development.framework; sourceTree = BUILT_PRODUCTS_DIR; };
/* End PBXFileReference section */

/* Begin PBXFrameworksBuildPhase section */
		BC35715321764A9000559F29 /* Frameworks */ = {
			isa = PBXFrameworksBuildPhase;
			buildActionMask = 2147483647;
			files = (
				118FB5EB47450B50877034F1 /* Pods_Development.framework in Frameworks */,
			);
			runOnlyForDeploymentPostprocessing = 0;
		};
		BC35716C21764EFA00559F29 /* Frameworks */ = {
			isa = PBXFrameworksBuildPhase;
			buildActionMask = 2147483647;
			files = (
				D17865AE99FFD5F306E8BB71 /* Pods_Tests.framework in Frameworks */,
			);
			runOnlyForDeploymentPostprocessing = 0;
		};
/* End PBXFrameworksBuildPhase section */

/* Begin PBXGroup section */
		693F9EDC82AEDFF980FC5333 /* Pods */ = {
			isa = PBXGroup;
			children = (
				DEC228AFC205D06598A7C5A8 /* Pods-Development.debug.xcconfig */,
				C10F8CA85E071CA9A93974FB /* Pods-Development.release.xcconfig */,
				32B5A38E4F637E84D8F42370 /* Pods-Tests.debug.xcconfig */,
				1DBAE3A44255DA0B32E20BB3 /* Pods-Tests.release.xcconfig */,
			);
			name = Pods;
			sourceTree = "<group>";
		};
		A37E5036CDC1D0A4D64C25EE /* Frameworks */ = {
			isa = PBXGroup;
			children = (
				F7FDD30E0DDE9503490F5243 /* Pods_Development.framework */,
				72A5FDAAC3BD0CF0622F168F /* Pods_Tests.framework */,
			);
			name = Frameworks;
			sourceTree = "<group>";
		};
		BC35714D21764A9000559F29 = {
			isa = PBXGroup;
			children = (
				BC35715821764A9000559F29 /* Development */,
				BC35717021764EFA00559F29 /* Tests */,
				BC35715721764A9000559F29 /* Products */,
				693F9EDC82AEDFF980FC5333 /* Pods */,
				A37E5036CDC1D0A4D64C25EE /* Frameworks */,
			);
			sourceTree = "<group>";
		};
		BC35715721764A9000559F29 /* Products */ = {
			isa = PBXGroup;
			children = (
				BC35715621764A9000559F29 /* Development.app */,
				BC35716F21764EFA00559F29 /* Tests.xctest */,
			);
			name = Products;
			sourceTree = "<group>";
		};
		BC35715821764A9000559F29 /* Development */ = {
			isa = PBXGroup;
			children = (
				BC35715921764A9000559F29 /* AppDelegate.swift */,
				BC35716021764A9100559F29 /* Assets.xcassets */,
				BC35716221764A9100559F29 /* LaunchScreen.storyboard */,
				BC35716521764A9100559F29 /* Info.plist */,
			);
			path = Development;
			sourceTree = "<group>";
		};
		BC35717021764EFA00559F29 /* Tests */ = {
			isa = PBXGroup;
			children = (
				BC35717321764EFA00559F29 /* Info.plist */,
				BC3571792176509100559F29 /* TestsProvider.swift */,
				BC35717D2176560700559F29 /* Handlers */,
			);
			path = Tests;
			sourceTree = "<group>";
		};
		BC35717D2176560700559F29 /* Handlers */ = {
			isa = PBXGroup;
			children = (
				BC3571802176584000559F29 /* EmptyHandler.swift */,
				BC35717B2176523900559F29 /* SuccessHandler.swift */,
				BC35717E2176562300559F29 /* FailureHandler.swift */,
				BC3571822176596800559F29 /* ProgressHandler.swift */,
				BC35718621765CBE00559F29 /* ShouldStartHandler.swift */,
				BC35718821765D6500559F29 /* WillStartHandler.swift */,
				BC35718A21765E0100559F29 /* PrepareSuccessHandler.swift */,
			);
			path = Handlers;
			sourceTree = "<group>";
		};
/* End PBXGroup section */

/* Begin PBXNativeTarget section */
		BC35715521764A9000559F29 /* Development */ = {
			isa = PBXNativeTarget;
			buildConfigurationList = BC35716821764A9100559F29 /* Build configuration list for PBXNativeTarget "Development" */;
			buildPhases = (
				914400CFE3E70BC109F7B0CC /* [CP] Check Pods Manifest.lock */,
				BC35715221764A9000559F29 /* Sources */,
				BC35715321764A9000559F29 /* Frameworks */,
				BC35715421764A9000559F29 /* Resources */,
				717BF47CB9AFCAE7F4EF8C78 /* [CP] Embed Pods Frameworks */,
			);
			buildRules = (
			);
			dependencies = (
			);
			name = Development;
			productName = Development;
			productReference = BC35715621764A9000559F29 /* Development.app */;
			productType = "com.apple.product-type.application";
		};
		BC35716E21764EFA00559F29 /* Tests */ = {
			isa = PBXNativeTarget;
			buildConfigurationList = BC35717821764EFA00559F29 /* Build configuration list for PBXNativeTarget "Tests" */;
			buildPhases = (
				C49D1452E202288586428230 /* [CP] Check Pods Manifest.lock */,
				BC35716B21764EFA00559F29 /* Sources */,
				BC35716C21764EFA00559F29 /* Frameworks */,
				BC35716D21764EFA00559F29 /* Resources */,
				B2CC4219216B0F334136DAE5 /* [CP] Embed Pods Frameworks */,
			);
			buildRules = (
			);
			dependencies = (
				BC35717521764EFA00559F29 /* PBXTargetDependency */,
			);
			name = Tests;
			productName = Tests;
			productReference = BC35716F21764EFA00559F29 /* Tests.xctest */;
			productType = "com.apple.product-type.bundle.unit-test";
		};
/* End PBXNativeTarget section */

/* Begin PBXProject section */
		BC35714E21764A9000559F29 /* Project object */ = {
			isa = PBXProject;
			attributes = {
				LastSwiftUpdateCheck = 1000;
				LastUpgradeCheck = 1000;
				ORGANIZATIONNAME = "Alexander Khmelevsky";
				TargetAttributes = {
					BC35715521764A9000559F29 = {
						CreatedOnToolsVersion = 10.0;
					};
					BC35716E21764EFA00559F29 = {
						CreatedOnToolsVersion = 10.0;
						TestTargetID = BC35715521764A9000559F29;
					};
				};
			};
			buildConfigurationList = BC35715121764A9000559F29 /* Build configuration list for PBXProject "Development" */;
			compatibilityVersion = "Xcode 9.3";
			developmentRegion = en;
			hasScannedForEncodings = 0;
			knownRegions = (
				en,
				Base,
			);
			mainGroup = BC35714D21764A9000559F29;
			productRefGroup = BC35715721764A9000559F29 /* Products */;
			projectDirPath = "";
			projectRoot = "";
			targets = (
				BC35715521764A9000559F29 /* Development */,
				BC35716E21764EFA00559F29 /* Tests */,
			);
		};
/* End PBXProject section */

/* Begin PBXResourcesBuildPhase section */
		BC35715421764A9000559F29 /* Resources */ = {
			isa = PBXResourcesBuildPhase;
			buildActionMask = 2147483647;
			files = (
				BC35716421764A9100559F29 /* LaunchScreen.storyboard in Resources */,
				BC35716121764A9100559F29 /* Assets.xcassets in Resources */,
			);
			runOnlyForDeploymentPostprocessing = 0;
		};
		BC35716D21764EFA00559F29 /* Resources */ = {
			isa = PBXResourcesBuildPhase;
			buildActionMask = 2147483647;
			files = (
			);
			runOnlyForDeploymentPostprocessing = 0;
		};
/* End PBXResourcesBuildPhase section */

/* Begin PBXShellScriptBuildPhase section */
		717BF47CB9AFCAE7F4EF8C78 /* [CP] Embed Pods Frameworks */ = {
			isa = PBXShellScriptBuildPhase;
			buildActionMask = 2147483647;
			files = (
			);
			inputPaths = (
				"${SRCROOT}/Pods/Target Support Files/Pods-Development/Pods-Development-frameworks.sh",
				"${BUILT_PRODUCTS_DIR}/RequestExecutor/RequestExecutor.framework",
			);
			name = "[CP] Embed Pods Frameworks";
			outputPaths = (
				"${TARGET_BUILD_DIR}/${FRAMEWORKS_FOLDER_PATH}/RequestExecutor.framework",
			);
			runOnlyForDeploymentPostprocessing = 0;
			shellPath = /bin/sh;
			shellScript = "\"${SRCROOT}/Pods/Target Support Files/Pods-Development/Pods-Development-frameworks.sh\"\n";
			showEnvVarsInLog = 0;
		};
		914400CFE3E70BC109F7B0CC /* [CP] Check Pods Manifest.lock */ = {
			isa = PBXShellScriptBuildPhase;
			buildActionMask = 2147483647;
			files = (
			);
			inputPaths = (
				"${PODS_PODFILE_DIR_PATH}/Podfile.lock",
				"${PODS_ROOT}/Manifest.lock",
			);
			name = "[CP] Check Pods Manifest.lock";
			outputPaths = (
				"$(DERIVED_FILE_DIR)/Pods-Development-checkManifestLockResult.txt",
			);
			runOnlyForDeploymentPostprocessing = 0;
			shellPath = /bin/sh;
			shellScript = "diff \"${PODS_PODFILE_DIR_PATH}/Podfile.lock\" \"${PODS_ROOT}/Manifest.lock\" > /dev/null\nif [ $? != 0 ] ; then\n    # print error to STDERR\n    echo \"error: The sandbox is not in sync with the Podfile.lock. Run 'pod install' or update your CocoaPods installation.\" >&2\n    exit 1\nfi\n# This output is used by Xcode 'outputs' to avoid re-running this script phase.\necho \"SUCCESS\" > \"${SCRIPT_OUTPUT_FILE_0}\"\n";
			showEnvVarsInLog = 0;
		};
		B2CC4219216B0F334136DAE5 /* [CP] Embed Pods Frameworks */ = {
			isa = PBXShellScriptBuildPhase;
			buildActionMask = 2147483647;
			files = (
			);
			inputPaths = (
				"${SRCROOT}/Pods/Target Support Files/Pods-Tests/Pods-Tests-frameworks.sh",
				"${BUILT_PRODUCTS_DIR}/RequestExecutor/RequestExecutor.framework",
			);
			name = "[CP] Embed Pods Frameworks";
			outputPaths = (
				"${TARGET_BUILD_DIR}/${FRAMEWORKS_FOLDER_PATH}/RequestExecutor.framework",
			);
			runOnlyForDeploymentPostprocessing = 0;
			shellPath = /bin/sh;
			shellScript = "\"${SRCROOT}/Pods/Target Support Files/Pods-Tests/Pods-Tests-frameworks.sh\"\n";
			showEnvVarsInLog = 0;
		};
		C49D1452E202288586428230 /* [CP] Check Pods Manifest.lock */ = {
			isa = PBXShellScriptBuildPhase;
			buildActionMask = 2147483647;
			files = (
			);
			inputPaths = (
				"${PODS_PODFILE_DIR_PATH}/Podfile.lock",
				"${PODS_ROOT}/Manifest.lock",
			);
			name = "[CP] Check Pods Manifest.lock";
			outputPaths = (
				"$(DERIVED_FILE_DIR)/Pods-Tests-checkManifestLockResult.txt",
			);
			runOnlyForDeploymentPostprocessing = 0;
			shellPath = /bin/sh;
			shellScript = "diff \"${PODS_PODFILE_DIR_PATH}/Podfile.lock\" \"${PODS_ROOT}/Manifest.lock\" > /dev/null\nif [ $? != 0 ] ; then\n    # print error to STDERR\n    echo \"error: The sandbox is not in sync with the Podfile.lock. Run 'pod install' or update your CocoaPods installation.\" >&2\n    exit 1\nfi\n# This output is used by Xcode 'outputs' to avoid re-running this script phase.\necho \"SUCCESS\" > \"${SCRIPT_OUTPUT_FILE_0}\"\n";
			showEnvVarsInLog = 0;
		};
/* End PBXShellScriptBuildPhase section */

/* Begin PBXSourcesBuildPhase section */
		BC35715221764A9000559F29 /* Sources */ = {
			isa = PBXSourcesBuildPhase;
			buildActionMask = 2147483647;
			files = (
				BC35715A21764A9000559F29 /* AppDelegate.swift in Sources */,
			);
			runOnlyForDeploymentPostprocessing = 0;
		};
		BC35716B21764EFA00559F29 /* Sources */ = {
			isa = PBXSourcesBuildPhase;
			buildActionMask = 2147483647;
			files = (
				BC35718921765D6500559F29 /* WillStartHandler.swift in Sources */,
				BC35718721765CBE00559F29 /* ShouldStartHandler.swift in Sources */,
				BC35717C2176523900559F29 /* SuccessHandler.swift in Sources */,
				BC35717F2176562300559F29 /* FailureHandler.swift in Sources */,
				BC35718B21765E0100559F29 /* PrepareSuccessHandler.swift in Sources */,
				BC3571832176596800559F29 /* ProgressHandler.swift in Sources */,
				BC3571812176584000559F29 /* EmptyHandler.swift in Sources */,
				BC35717A2176509100559F29 /* TestsProvider.swift in Sources */,
			);
			runOnlyForDeploymentPostprocessing = 0;
		};
/* End PBXSourcesBuildPhase section */

/* Begin PBXTargetDependency section */
		BC35717521764EFA00559F29 /* PBXTargetDependency */ = {
			isa = PBXTargetDependency;
			target = BC35715521764A9000559F29 /* Development */;
			targetProxy = BC35717421764EFA00559F29 /* PBXContainerItemProxy */;
		};
/* End PBXTargetDependency section */

/* Begin PBXVariantGroup section */
		BC35716221764A9100559F29 /* LaunchScreen.storyboard */ = {
			isa = PBXVariantGroup;
			children = (
				BC35716321764A9100559F29 /* Base */,
			);
			name = LaunchScreen.storyboard;
			sourceTree = "<group>";
		};
/* End PBXVariantGroup section */

/* Begin XCBuildConfiguration section */
		BC35716621764A9100559F29 /* Debug */ = {
			isa = XCBuildConfiguration;
			buildSettings = {
				ALWAYS_SEARCH_USER_PATHS = NO;
				CLANG_ANALYZER_NONNULL = YES;
				CLANG_ANALYZER_NUMBER_OBJECT_CONVERSION = YES_AGGRESSIVE;
				CLANG_CXX_LANGUAGE_STANDARD = "gnu++14";
				CLANG_CXX_LIBRARY = "libc++";
				CLANG_ENABLE_MODULES = YES;
				CLANG_ENABLE_OBJC_ARC = YES;
				CLANG_ENABLE_OBJC_WEAK = YES;
				CLANG_WARN_BLOCK_CAPTURE_AUTORELEASING = YES;
				CLANG_WARN_BOOL_CONVERSION = YES;
				CLANG_WARN_COMMA = YES;
				CLANG_WARN_CONSTANT_CONVERSION = YES;
				CLANG_WARN_DEPRECATED_OBJC_IMPLEMENTATIONS = YES;
				CLANG_WARN_DIRECT_OBJC_ISA_USAGE = YES_ERROR;
				CLANG_WARN_DOCUMENTATION_COMMENTS = YES;
				CLANG_WARN_EMPTY_BODY = YES;
				CLANG_WARN_ENUM_CONVERSION = YES;
				CLANG_WARN_INFINITE_RECURSION = YES;
				CLANG_WARN_INT_CONVERSION = YES;
				CLANG_WARN_NON_LITERAL_NULL_CONVERSION = YES;
				CLANG_WARN_OBJC_IMPLICIT_RETAIN_SELF = YES;
				CLANG_WARN_OBJC_LITERAL_CONVERSION = YES;
				CLANG_WARN_OBJC_ROOT_CLASS = YES_ERROR;
				CLANG_WARN_RANGE_LOOP_ANALYSIS = YES;
				CLANG_WARN_STRICT_PROTOTYPES = YES;
				CLANG_WARN_SUSPICIOUS_MOVE = YES;
				CLANG_WARN_UNGUARDED_AVAILABILITY = YES_AGGRESSIVE;
				CLANG_WARN_UNREACHABLE_CODE = YES;
				CLANG_WARN__DUPLICATE_METHOD_MATCH = YES;
				CODE_SIGN_IDENTITY = "iPhone Developer";
				COPY_PHASE_STRIP = NO;
				DEBUG_INFORMATION_FORMAT = dwarf;
				ENABLE_STRICT_OBJC_MSGSEND = YES;
				ENABLE_TESTABILITY = YES;
				GCC_C_LANGUAGE_STANDARD = gnu11;
				GCC_DYNAMIC_NO_PIC = NO;
				GCC_NO_COMMON_BLOCKS = YES;
				GCC_OPTIMIZATION_LEVEL = 0;
				GCC_PREPROCESSOR_DEFINITIONS = (
					"DEBUG=1",
					"$(inherited)",
				);
				GCC_WARN_64_TO_32_BIT_CONVERSION = YES;
				GCC_WARN_ABOUT_RETURN_TYPE = YES_ERROR;
				GCC_WARN_UNDECLARED_SELECTOR = YES;
				GCC_WARN_UNINITIALIZED_AUTOS = YES_AGGRESSIVE;
				GCC_WARN_UNUSED_FUNCTION = YES;
				GCC_WARN_UNUSED_VARIABLE = YES;
				IPHONEOS_DEPLOYMENT_TARGET = 9.0;
				MTL_ENABLE_DEBUG_INFO = INCLUDE_SOURCE;
				MTL_FAST_MATH = YES;
				ONLY_ACTIVE_ARCH = YES;
				SDKROOT = iphoneos;
				SWIFT_ACTIVE_COMPILATION_CONDITIONS = DEBUG;
				SWIFT_OPTIMIZATION_LEVEL = "-Onone";
			};
			name = Debug;
		};
		BC35716721764A9100559F29 /* Release */ = {
			isa = XCBuildConfiguration;
			buildSettings = {
				ALWAYS_SEARCH_USER_PATHS = NO;
				CLANG_ANALYZER_NONNULL = YES;
				CLANG_ANALYZER_NUMBER_OBJECT_CONVERSION = YES_AGGRESSIVE;
				CLANG_CXX_LANGUAGE_STANDARD = "gnu++14";
				CLANG_CXX_LIBRARY = "libc++";
				CLANG_ENABLE_MODULES = YES;
				CLANG_ENABLE_OBJC_ARC = YES;
				CLANG_ENABLE_OBJC_WEAK = YES;
				CLANG_WARN_BLOCK_CAPTURE_AUTORELEASING = YES;
				CLANG_WARN_BOOL_CONVERSION = YES;
				CLANG_WARN_COMMA = YES;
				CLANG_WARN_CONSTANT_CONVERSION = YES;
				CLANG_WARN_DEPRECATED_OBJC_IMPLEMENTATIONS = YES;
				CLANG_WARN_DIRECT_OBJC_ISA_USAGE = YES_ERROR;
				CLANG_WARN_DOCUMENTATION_COMMENTS = YES;
				CLANG_WARN_EMPTY_BODY = YES;
				CLANG_WARN_ENUM_CONVERSION = YES;
				CLANG_WARN_INFINITE_RECURSION = YES;
				CLANG_WARN_INT_CONVERSION = YES;
				CLANG_WARN_NON_LITERAL_NULL_CONVERSION = YES;
				CLANG_WARN_OBJC_IMPLICIT_RETAIN_SELF = YES;
				CLANG_WARN_OBJC_LITERAL_CONVERSION = YES;
				CLANG_WARN_OBJC_ROOT_CLASS = YES_ERROR;
				CLANG_WARN_RANGE_LOOP_ANALYSIS = YES;
				CLANG_WARN_STRICT_PROTOTYPES = YES;
				CLANG_WARN_SUSPICIOUS_MOVE = YES;
				CLANG_WARN_UNGUARDED_AVAILABILITY = YES_AGGRESSIVE;
				CLANG_WARN_UNREACHABLE_CODE = YES;
				CLANG_WARN__DUPLICATE_METHOD_MATCH = YES;
				CODE_SIGN_IDENTITY = "iPhone Developer";
				COPY_PHASE_STRIP = NO;
				DEBUG_INFORMATION_FORMAT = "dwarf-with-dsym";
				ENABLE_NS_ASSERTIONS = NO;
				ENABLE_STRICT_OBJC_MSGSEND = YES;
				GCC_C_LANGUAGE_STANDARD = gnu11;
				GCC_NO_COMMON_BLOCKS = YES;
				GCC_WARN_64_TO_32_BIT_CONVERSION = YES;
				GCC_WARN_ABOUT_RETURN_TYPE = YES_ERROR;
				GCC_WARN_UNDECLARED_SELECTOR = YES;
				GCC_WARN_UNINITIALIZED_AUTOS = YES_AGGRESSIVE;
				GCC_WARN_UNUSED_FUNCTION = YES;
				GCC_WARN_UNUSED_VARIABLE = YES;
				IPHONEOS_DEPLOYMENT_TARGET = 9.0;
				MTL_ENABLE_DEBUG_INFO = NO;
				MTL_FAST_MATH = YES;
				SDKROOT = iphoneos;
				SWIFT_COMPILATION_MODE = wholemodule;
				SWIFT_OPTIMIZATION_LEVEL = "-O";
				VALIDATE_PRODUCT = YES;
			};
			name = Release;
		};
		BC35716921764A9100559F29 /* Debug */ = {
			isa = XCBuildConfiguration;
			baseConfigurationReference = DEC228AFC205D06598A7C5A8 /* Pods-Development.debug.xcconfig */;
			buildSettings = {
				ASSETCATALOG_COMPILER_APPICON_NAME = AppIcon;
				CODE_SIGN_STYLE = Automatic;
				INFOPLIST_FILE = Development/Info.plist;
				LD_RUNPATH_SEARCH_PATHS = (
					"$(inherited)",
					"@executable_path/Frameworks",
				);
				PRODUCT_BUNDLE_IDENTIFIER = org.khmelevsky.RequestExecutor;
				PRODUCT_NAME = "$(TARGET_NAME)";
				SWIFT_VERSION = 4.2;
				TARGETED_DEVICE_FAMILY = "1,2";
			};
			name = Debug;
		};
		BC35716A21764A9100559F29 /* Release */ = {
			isa = XCBuildConfiguration;
			baseConfigurationReference = C10F8CA85E071CA9A93974FB /* Pods-Development.release.xcconfig */;
			buildSettings = {
				ASSETCATALOG_COMPILER_APPICON_NAME = AppIcon;
				CODE_SIGN_STYLE = Automatic;
				INFOPLIST_FILE = Development/Info.plist;
				LD_RUNPATH_SEARCH_PATHS = (
					"$(inherited)",
					"@executable_path/Frameworks",
				);
				PRODUCT_BUNDLE_IDENTIFIER = org.khmelevsky.RequestExecutor;
				PRODUCT_NAME = "$(TARGET_NAME)";
				SWIFT_VERSION = 4.2;
				TARGETED_DEVICE_FAMILY = "1,2";
			};
			name = Release;
		};
		BC35717621764EFA00559F29 /* Debug */ = {
			isa = XCBuildConfiguration;
			baseConfigurationReference = 32B5A38E4F637E84D8F42370 /* Pods-Tests.debug.xcconfig */;
			buildSettings = {
				BUNDLE_LOADER = "$(TEST_HOST)";
				CODE_SIGN_STYLE = Automatic;
				INFOPLIST_FILE = Tests/Info.plist;
				LD_RUNPATH_SEARCH_PATHS = (
					"$(inherited)",
					"@executable_path/Frameworks",
					"@loader_path/Frameworks",
				);
				PRODUCT_BUNDLE_IDENTIFIER = org.khmelevsky.Tests;
				PRODUCT_NAME = "$(TARGET_NAME)";
				SWIFT_VERSION = 4.2;
				TARGETED_DEVICE_FAMILY = "1,2";
				TEST_HOST = "$(BUILT_PRODUCTS_DIR)/Development.app/Development";
			};
			name = Debug;
		};
		BC35717721764EFA00559F29 /* Release */ = {
			isa = XCBuildConfiguration;
			baseConfigurationReference = 1DBAE3A44255DA0B32E20BB3 /* Pods-Tests.release.xcconfig */;
			buildSettings = {
				BUNDLE_LOADER = "$(TEST_HOST)";
				CODE_SIGN_STYLE = Automatic;
				INFOPLIST_FILE = Tests/Info.plist;
				LD_RUNPATH_SEARCH_PATHS = (
					"$(inherited)",
					"@executable_path/Frameworks",
					"@loader_path/Frameworks",
				);
				PRODUCT_BUNDLE_IDENTIFIER = org.khmelevsky.Tests;
				PRODUCT_NAME = "$(TARGET_NAME)";
				SWIFT_VERSION = 4.2;
				TARGETED_DEVICE_FAMILY = "1,2";
				TEST_HOST = "$(BUILT_PRODUCTS_DIR)/Development.app/Development";
			};
			name = Release;
		};
/* End XCBuildConfiguration section */

/* Begin XCConfigurationList section */
		BC35715121764A9000559F29 /* Build configuration list for PBXProject "Development" */ = {
			isa = XCConfigurationList;
			buildConfigurations = (
				BC35716621764A9100559F29 /* Debug */,
				BC35716721764A9100559F29 /* Release */,
			);
			defaultConfigurationIsVisible = 0;
			defaultConfigurationName = Release;
		};
		BC35716821764A9100559F29 /* Build configuration list for PBXNativeTarget "Development" */ = {
			isa = XCConfigurationList;
			buildConfigurations = (
				BC35716921764A9100559F29 /* Debug */,
				BC35716A21764A9100559F29 /* Release */,
			);
			defaultConfigurationIsVisible = 0;
			defaultConfigurationName = Release;
		};
		BC35717821764EFA00559F29 /* Build configuration list for PBXNativeTarget "Tests" */ = {
			isa = XCConfigurationList;
			buildConfigurations = (
				BC35717621764EFA00559F29 /* Debug */,
				BC35717721764EFA00559F29 /* Release */,
			);
			defaultConfigurationIsVisible = 0;
			defaultConfigurationName = Release;
		};
/* End XCConfigurationList section */
	};
	rootObject = BC35714E21764A9000559F29 /* Project object */;
}
